<?xml version="1.0" encoding="UTF-8" standalone="yes" ?>
<CodeBlocks_project_file>
	<FileVersion major="1" minor="6" />
	<Project>
		<Option title="tpVersion3" />
		<Option pch_mode="2" />
		<Option compiler="gcc" />
		<Build>
			<Target title="Debug">
				<Option output="bin/Debug/tpVersion1" prefix_auto="1" extension_auto="1" />
				<Option object_output="obj/Debug/" />
				<Option type="1" />
				<Option compiler="gcc" />
				<Compiler>
					<Add option="-g" />
				</Compiler>
			</Target>
			<Target title="Release">
				<Option output="bin/Release/tpVersion1" prefix_auto="1" extension_auto="1" />
				<Option object_output="obj/Release/" />
				<Option type="1" />
				<Option compiler="gcc" />
				<Compiler>
					<Add option="-O2" />
				</Compiler>
				<Linker>
					<Add option="-s" />
				</Linker>
			</Target>
		</Build>
		<Compiler>
			<Add option="-Wall" />
			<Add option="-fexceptions" />
		</Compiler>
		<Unit filename="ArchivoEmpresas.cpp" />
		<Unit filename="ArchivoEmpresas.h">
			<Option target="&lt;{~None~}&gt;" />
		</Unit>
		<Unit filename="ArchivoEstados.cpp" />
		<Unit filename="ArchivoEstados.h">
			<Option target="&lt;{~None~}&gt;" />
		</Unit>
		<Unit filename="ArchivoObras.cpp" />
		<Unit filename="ArchivoObras.h">
			<Option target="&lt;{~None~}&gt;" />
		</Unit>
		<Unit filename="ConfiguracionManager.cpp" />
		<Unit filename="ConfiguracionManager.h">
			<Option target="&lt;{~None~}&gt;" />
		</Unit>
		<Unit filename="Empresa.cpp" />
		<Unit filename="Empresa.h">
			<Option target="&lt;{~None~}&gt;" />
		</Unit>
		<Unit filename="EmpresasManager.cpp" />
		<Unit filename="EmpresasManager.h">
			<Option target="&lt;{~None~}&gt;" />
		</Unit>
		<Unit filename="Estados.cpp" />
		<Unit filename="Estados.h">
			<Option target="&lt;{~None~}&gt;" />
		</Unit>
		<Unit filename="MenuManager.cpp" />
		<Unit filename="MenuManager.h">
			<Option target="&lt;{~None~}&gt;" />
		</Unit>
		<Unit filename="Obras.cpp" />
		<Unit filename="Obras.h">
			<Option target="&lt;{~None~}&gt;" />
		</Unit>
		<Unit filename="ObrasManager.cpp" />
		<Unit filename="ObrasManager.h">
			<Option target="&lt;{~None~}&gt;" />
		</Unit>
		<Unit filename="ReportesManager.cpp" />
		<Unit filename="ReportesManager.h">
			<Option target="&lt;{~None~}&gt;" />
		</Unit>
		<Unit filename="main.cpp" />
		<Extensions>
			<lib_finder disable_auto="1" />
		</Extensions>
	</Project>
</CodeBlocks_project_file>
